
Microsoft Visual Studio Solution File, Format Version 12.00
# Visual Studio 15
VisualStudioVersion = 15.0.26430.13
MinimumVisualStudioVersion = 10.0.40219.1
Project("{F5034706-568F-408A-B7B3-4D38C6DB8A32}") = "powershell-programing", "powershell-programing\powershell-programing.pssproj", "{6CAFC0C6-A428-4D30-A9F9-700E829FEA51}"
EndProject
Project("{F5034706-568F-408A-B7B3-4D38C6DB8A32}") = "scripts", "scripts\scripts.pssproj", "{4F4A7E72-6D70-40F9-936D-1E0DB6B3D85F}"
EndProject
Global
	GlobalSection(SolutionConfigurationPlatforms) = preSolution
		Debug|Any CPU = Debug|Any CPU
		Release|Any CPU = Release|Any CPU
	EndGlobalSection
	GlobalSection(ProjectConfigurationPlatforms) = postSolution
		{6CAFC0C6-A428-4D30-A9F9-700E829FEA51}.Debug|Any CPU.ActiveCfg = Debug|Any CPU
		{6CAFC0C6-A428-4D30-A9F9-700E829FEA51}.Debug|Any CPU.Build.0 = Debug|Any CPU
		{6CAFC0C6-A428-4D30-A9F9-700E829FEA51}.Release|Any CPU.ActiveCfg = Release|Any CPU
		{6CAFC0C6-A428-4D30-A9F9-700E829FEA51}.Release|Any CPU.Build.0 = Release|Any CPU
		{4F4A7E72-6D70-40F9-936D-1E0DB6B3D85F}.Debug|Any CPU.ActiveCfg = Debug|Any CPU
		{4F4A7E72-6D70-40F9-936D-1E0DB6B3D85F}.Debug|Any CPU.Build.0 = Debug|Any CPU
		{4F4A7E72-6D70-40F9-936D-1E0DB6B3D85F}.Release|Any CPU.ActiveCfg = Release|Any CPU
		{4F4A7E72-6D70-40F9-936D-1E0DB6B3D85F}.Release|Any CPU.Build.0 = Release|Any CPU
	EndGlobalSection
	GlobalSection(SolutionProperties) = preSolution
		HideSolutionNode = FALSE
	EndGlobalSection
EndGlobal
